# This file is automatically @generated by Cargo.
# It is not intended for manual editing.
version = 3

[[package]]
name = "meowfetch"
version = "0.1.0"
dependencies = [
 "text-to-ascii-art",
]

[[package]]
name = "text-to-ascii-art"
version = "0.1.9"
source = "registry+https://github.com/rust-lang/crates.io-index"
checksum = "fff85e7ccbae668e075f262a80e7315b399cb07fb5dc7ae1cd7261c80d007976"
